
Microsoft Visual Studio Solution File, Format Version 12.00
# Visual Studio Version 17
VisualStudioVersion = 17.9.34728.123
MinimumVisualStudioVersion = 10.0.40219.1
Project("{8BC9CEB8-8B4A-11D0-8D11-00A0C91BC942}") = "PG2_uwaaao", "PG2_uwaaao.vcxproj", "{72E01C94-B3A5-40E7-A3AA-58BEE89861BB}"
EndProject
Global
	GlobalSection(SolutionConfigurationPlatforms) = preSolution
		Debug|x64 = Debug|x64
		Release|x64 = Release|x64
	EndGlobalSection
	GlobalSection(ProjectConfigurationPlatforms) = postSolution
		{72E01C94-B3A5-40E7-A3AA-58BEE89861BB}.Debug|x64.ActiveCfg = Debug|x64
		{72E01C94-B3A5-40E7-A3AA-58BEE89861BB}.Debug|x64.Build.0 = Debug|x64
		{72E01C94-B3A5-40E7-A3AA-58BEE89861BB}.Release|x64.ActiveCfg = Release|x64
		{72E01C94-B3A5-40E7-A3AA-58BEE89861BB}.Release|x64.Build.0 = Release|x64
	EndGlobalSection
	GlobalSection(SolutionProperties) = preSolution
		HideSolutionNode = FALSE
	EndGlobalSection
	GlobalSection(ExtensibilityGlobals) = postSolution
		SolutionGuid = {4E477879-FAAA-4E86-960A-B8B700A6E948}
	EndGlobalSection
EndGlobal
